
Microsoft Visual Studio Solution File, Format Version 12.00
# Visual Studio Version 18
VisualStudioVersion = 18.4.11612.150
MinimumVisualStudioVersion = 10.0.40219.1
Project("{9A19103F-16F7-4668-BE54-9A1E7A4F7556}") = "ReasonableRTF", "ReasonableRTF\ReasonableRTF.csproj", "{9F8557CD-E012-4B52-8538-003470270667}"
EndProject
Project("{9A19103F-16F7-4668-BE54-9A1E7A4F7556}") = "ReasonableRTF_TestApp", "ReasonableRTF_TestApp\ReasonableRTF_TestApp.csproj", "{F4A30C5A-46BE-4573-93E6-57FEE3B0D4AF}"
EndProject
Project("{FAE04EC0-301F-11D3-BF4B-00C04F79EFBC}") = "ReasonableRTF_Benchmark", "ReasonableRTF_Benchmark\ReasonableRTF_Benchmark.csproj", "{34CC2AD3-3281-4956-A66C-73371B74B57C}"
EndProject
Global
	GlobalSection(SolutionConfigurationPlatforms) = preSolution
		Debug_Framework|Any CPU = Debug_Framework|Any CPU
		Debug_Framework|x64 = Debug_Framework|x64
		Debug_Framework|x86 = Debug_Framework|x86
		Debug|Any CPU = Debug|Any CPU
		Debug|x64 = Debug|x64
		Debug|x86 = Debug|x86
		Release_Framework|Any CPU = Release_Framework|Any CPU
		Release_Framework|x64 = Release_Framework|x64
		Release_Framework|x86 = Release_Framework|x86
		Release|Any CPU = Release|Any CPU
		Release|x64 = Release|x64
		Release|x86 = Release|x86
	EndGlobalSection
	GlobalSection(ProjectConfigurationPlatforms) = postSolution
		{9F8557CD-E012-4B52-8538-003470270667}.Debug_Framework|Any CPU.ActiveCfg = Debug|Any CPU
		{9F8557CD-E012-4B52-8538-003470270667}.Debug_Framework|Any CPU.Build.0 = Debug|Any CPU
		{9F8557CD-E012-4B52-8538-003470270667}.Debug_Framework|x64.ActiveCfg = Debug|x64
		{9F8557CD-E012-4B52-8538-003470270667}.Debug_Framework|x64.Build.0 = Debug|x64
		{9F8557CD-E012-4B52-8538-003470270667}.Debug_Framework|x86.ActiveCfg = Debug|x86
		{9F8557CD-E012-4B52-8538-003470270667}.Debug_Framework|x86.Build.0 = Debug|x86
		{9F8557CD-E012-4B52-8538-003470270667}.Debug|Any CPU.ActiveCfg = Debug|Any CPU
		{9F8557CD-E012-4B52-8538-003470270667}.Debug|Any CPU.Build.0 = Debug|Any CPU
		{9F8557CD-E012-4B52-8538-003470270667}.Debug|x64.ActiveCfg = Debug|x64
		{9F8557CD-E012-4B52-8538-003470270667}.Debug|x64.Build.0 = Debug|x64
		{9F8557CD-E012-4B52-8538-003470270667}.Debug|x86.ActiveCfg = Debug|x86
		{9F8557CD-E012-4B52-8538-003470270667}.Debug|x86.Build.0 = Debug|x86
		{9F8557CD-E012-4B52-8538-003470270667}.Release_Framework|Any CPU.ActiveCfg = Release|Any CPU
		{9F8557CD-E012-4B52-8538-003470270667}.Release_Framework|Any CPU.Build.0 = Release|Any CPU
		{9F8557CD-E012-4B52-8538-003470270667}.Release_Framework|x64.ActiveCfg = Release|x64
		{9F8557CD-E012-4B52-8538-003470270667}.Release_Framework|x64.Build.0 = Release|x64
		{9F8557CD-E012-4B52-8538-003470270667}.Release_Framework|x86.ActiveCfg = Release|x86
		{9F8557CD-E012-4B52-8538-003470270667}.Release_Framework|x86.Build.0 = Release|x86
		{9F8557CD-E012-4B52-8538-003470270667}.Release|Any CPU.ActiveCfg = Release|Any CPU
		{9F8557CD-E012-4B52-8538-003470270667}.Release|Any CPU.Build.0 = Release|Any CPU
		{9F8557CD-E012-4B52-8538-003470270667}.Release|x64.ActiveCfg = Release|x64
		{9F8557CD-E012-4B52-8538-003470270667}.Release|x64.Build.0 = Release|x64
		{9F8557CD-E012-4B52-8538-003470270667}.Release|x86.ActiveCfg = Release|x86
		{9F8557CD-E012-4B52-8538-003470270667}.Release|x86.Build.0 = Release|x86
		{F4A30C5A-46BE-4573-93E6-57FEE3B0D4AF}.Debug_Framework|Any CPU.ActiveCfg = Debug_Framework|Any CPU
		{F4A30C5A-46BE-4573-93E6-57FEE3B0D4AF}.Debug_Framework|Any CPU.Build.0 = Debug_Framework|Any CPU
		{F4A30C5A-46BE-4573-93E6-57FEE3B0D4AF}.Debug_Framework|x64.ActiveCfg = Debug_Framework|x64
		{F4A30C5A-46BE-4573-93E6-57FEE3B0D4AF}.Debug_Framework|x64.Build.0 = Debug_Framework|x64
		{F4A30C5A-46BE-4573-93E6-57FEE3B0D4AF}.Debug_Framework|x86.ActiveCfg = Debug_Framework|x86
		{F4A30C5A-46BE-4573-93E6-57FEE3B0D4AF}.Debug_Framework|x86.Build.0 = Debug_Framework|x86
		{F4A30C5A-46BE-4573-93E6-57FEE3B0D4AF}.Debug|Any CPU.ActiveCfg = Debug|Any CPU
		{F4A30C5A-46BE-4573-93E6-57FEE3B0D4AF}.Debug|Any CPU.Build.0 = Debug|Any CPU
		{F4A30C5A-46BE-4573-93E6-57FEE3B0D4AF}.Debug|x64.ActiveCfg = Debug|x64
		{F4A30C5A-46BE-4573-93E6-57FEE3B0D4AF}.Debug|x64.Build.0 = Debug|x64
		{F4A30C5A-46BE-4573-93E6-57FEE3B0D4AF}.Debug|x86.ActiveCfg = Debug|x86
		{F4A30C5A-46BE-4573-93E6-57FEE3B0D4AF}.Debug|x86.Build.0 = Debug|x86
		{F4A30C5A-46BE-4573-93E6-57FEE3B0D4AF}.Release_Framework|Any CPU.ActiveCfg = Release_Framework|Any CPU
		{F4A30C5A-46BE-4573-93E6-57FEE3B0D4AF}.Release_Framework|Any CPU.Build.0 = Release_Framework|Any CPU
		{F4A30C5A-46BE-4573-93E6-57FEE3B0D4AF}.Release_Framework|x64.ActiveCfg = Release_Framework|x64
		{F4A30C5A-46BE-4573-93E6-57FEE3B0D4AF}.Release_Framework|x64.Build.0 = Release_Framework|x64
		{F4A30C5A-46BE-4573-93E6-57FEE3B0D4AF}.Release_Framework|x86.ActiveCfg = Release_Framework|x86
		{F4A30C5A-46BE-4573-93E6-57FEE3B0D4AF}.Release_Framework|x86.Build.0 = Release_Framework|x86
		{F4A30C5A-46BE-4573-93E6-57FEE3B0D4AF}.Release|Any CPU.ActiveCfg = Release|Any CPU
		{F4A30C5A-46BE-4573-93E6-57FEE3B0D4AF}.Release|Any CPU.Build.0 = Release|Any CPU
		{F4A30C5A-46BE-4573-93E6-57FEE3B0D4AF}.Release|x64.ActiveCfg = Release|x64
		{F4A30C5A-46BE-4573-93E6-57FEE3B0D4AF}.Release|x64.Build.0 = Release|x64
		{F4A30C5A-46BE-4573-93E6-57FEE3B0D4AF}.Release|x86.ActiveCfg = Release|x86
		{F4A30C5A-46BE-4573-93E6-57FEE3B0D4AF}.Release|x86.Build.0 = Release|x86
		{34CC2AD3-3281-4956-A66C-73371B74B57C}.Debug_Framework|Any CPU.ActiveCfg = Debug_Framework|Any CPU
		{34CC2AD3-3281-4956-A66C-73371B74B57C}.Debug_Framework|Any CPU.Build.0 = Debug_Framework|Any CPU
		{34CC2AD3-3281-4956-A66C-73371B74B57C}.Debug_Framework|x64.ActiveCfg = Debug_Framework|x64
		{34CC2AD3-3281-4956-A66C-73371B74B57C}.Debug_Framework|x64.Build.0 = Debug_Framework|x64
		{34CC2AD3-3281-4956-A66C-73371B74B57C}.Debug_Framework|x86.ActiveCfg = Debug_Framework|x86
		{34CC2AD3-3281-4956-A66C-73371B74B57C}.Debug_Framework|x86.Build.0 = Debug_Framework|x86
		{34CC2AD3-3281-4956-A66C-73371B74B57C}.Debug|Any CPU.ActiveCfg = Debug|Any CPU
		{34CC2AD3-3281-4956-A66C-73371B74B57C}.Debug|Any CPU.Build.0 = Debug|Any CPU
		{34CC2AD3-3281-4956-A66C-73371B74B57C}.Debug|x64.ActiveCfg = Debug|x64
		{34CC2AD3-3281-4956-A66C-73371B74B57C}.Debug|x64.Build.0 = Debug|x64
		{34CC2AD3-3281-4956-A66C-73371B74B57C}.Debug|x86.ActiveCfg = Debug|x86
		{34CC2AD3-3281-4956-A66C-73371B74B57C}.Debug|x86.Build.0 = Debug|x86
		{34CC2AD3-3281-4956-A66C-73371B74B57C}.Release_Framework|Any CPU.ActiveCfg = Release_Framework|Any CPU
		{34CC2AD3-3281-4956-A66C-73371B74B57C}.Release_Framework|Any CPU.Build.0 = Release_Framework|Any CPU
		{34CC2AD3-3281-4956-A66C-73371B74B57C}.Release_Framework|x64.ActiveCfg = Release_Framework|x64
		{34CC2AD3-3281-4956-A66C-73371B74B57C}.Release_Framework|x64.Build.0 = Release_Framework|x64
		{34CC2AD3-3281-4956-A66C-73371B74B57C}.Release_Framework|x86.ActiveCfg = Release_Framework|x86
		{34CC2AD3-3281-4956-A66C-73371B74B57C}.Release_Framework|x86.Build.0 = Release_Framework|x86
		{34CC2AD3-3281-4956-A66C-73371B74B57C}.Release|Any CPU.ActiveCfg = Release|Any CPU
		{34CC2AD3-3281-4956-A66C-73371B74B57C}.Release|Any CPU.Build.0 = Release|Any CPU
		{34CC2AD3-3281-4956-A66C-73371B74B57C}.Release|x64.ActiveCfg = Release|x64
		{34CC2AD3-3281-4956-A66C-73371B74B57C}.Release|x64.Build.0 = Release|x64
		{34CC2AD3-3281-4956-A66C-73371B74B57C}.Release|x86.ActiveCfg = Release|x86
		{34CC2AD3-3281-4956-A66C-73371B74B57C}.Release|x86.Build.0 = Release|x86
	EndGlobalSection
	GlobalSection(SolutionProperties) = preSolution
		HideSolutionNode = FALSE
	EndGlobalSection
	GlobalSection(ExtensibilityGlobals) = postSolution
		SolutionGuid = {3D5A2FC4-3048-4D67-B179-51BD5FC3DC81}
	EndGlobalSection
EndGlobal
